<?xml version="1.0" encoding="utf-8"?>
<Project ToolsVersion="4.0" xmlns="http://schemas.microsoft.com/developer/msbuild/2003">
  <ItemGroup>
    <Filter Include="Source Files">
      <UniqueIdentifier>{4FC737F1-C7A5-4376-A066-2A32D752A2FF}</UniqueIdentifier>
      <Extensions>cpp;c;cc;cxx;c++;cppm;ixx;def;odl;idl;hpj;bat;asm;asmx</Extensions>
    </Filter>
    <Filter Include="Header Files">
      <UniqueIdentifier>{93995380-89BD-4b04-88EB-625FBE52EBFB}</UniqueIdentifier>
      <Extensions>h;hh;hpp;hxx;h++;hm;inl;inc;ipp;xsd</Extensions>
    </Filter>
    <Filter Include="Vertices Files">
      <UniqueIdentifier>{7fc91b80-9885-4e85-8ffa-30bde93c0f1c}</UniqueIdentifier>
    </Filter>
    <Filter Include="Texture Files">
      <UniqueIdentifier>{c2c26360-2f55-474b-b390-a34eb7ae3661}</UniqueIdentifier>
    </Filter>
    <Filter Include="Header Files\Shader Files">
      <UniqueIdentifier>{dfea935c-556c-4f02-b123-0e6163ae4737}</UniqueIdentifier>
    </Filter>
  </ItemGroup>
  <ItemGroup>
    <ClCompile Include="MAIN.cpp">
      <Filter>Source Files</Filter>
    </ClCompile>
    <ClCompile Include="includes\glad.c">
      <Filter>Source Files</Filter>
    </ClCompile>
    <ClCompile Include="includes\highlevel\Button.cpp">
      <Filter>Source Files</Filter>
    </ClCompile>
    <ClCompile Include="includes\highlevel\ClickEventCanceller.cpp">
      <Filter>Source Files</Filter>
    </ClCompile>
    <ClCompile Include="includes\highlevel\ListObject.cpp">
      <Filter>Source Files</Filter>
    </ClCompile>
    <ClCompile Include="includes\highlevel\Panel.cpp">
      <Filter>Source Files</Filter>
    </ClCompile>
    <ClCompile Include="includes\lowlevel\SHADER.cpp">
      <Filter>Source Files</Filter>
    </ClCompile>
    <ClCompile Include="includes\lowlevel\TEXT.cpp">
      <Filter>Source Files</Filter>
    </ClCompile>
    <ClCompile Include="includes\lowlevel\TEXTURE.cpp">
      <Filter>Source Files</Filter>
    </ClCompile>
    <ClCompile Include="includes\lowlevel\VAO.cpp">
      <Filter>Source Files</Filter>
    </ClCompile>
    <ClCompile Include="includes\lowlevel\WINDOW.cpp">
      <Filter>Source Files</Filter>
    </ClCompile>
  </ItemGroup>
  <ItemGroup>
    <None Include="vertices\square.buf">
      <Filter>Vertices Files</Filter>
    </None>
    <None Include="vertices\triangle.buf">
      <Filter>Vertices Files</Filter>
    </None>
    <None Include="shaders\color_frag.glsl">
      <Filter>Header Files\Shader Files</Filter>
    </None>
    <None Include="shaders\color_vertex.glsl">
      <Filter>Header Files\Shader Files</Filter>
    </None>
    <None Include="shaders\texture_frag.glsl">
      <Filter>Header Files\Shader Files</Filter>
    </None>
    <None Include="shaders\texture_vertex.glsl">
      <Filter>Header Files\Shader Files</Filter>
    </None>
    <None Include="shaders\text_frag.glsl">
      <Filter>Header Files\Shader Files</Filter>
    </None>
    <None Include="shaders\text_vertex.glsl">
      <Filter>Header Files\Shader Files</Filter>
    </None>
    <None Include="vertices\square_wider.buf">
      <Filter>Vertices Files</Filter>
    </None>
    <None Include="vertices\square_extra_wide.buf">
      <Filter>Vertices Files</Filter>
    </None>
  </ItemGroup>
  <ItemGroup>
    <Image Include="textures\container.jpg">
      <Filter>Texture Files</Filter>
    </Image>
    <Image Include="textures\bricks2.jpg">
      <Filter>Texture Files</Filter>
    </Image>
    <Image Include="textures\brickwall.jpg">
      <Filter>Texture Files</Filter>
    </Image>
    <Image Include="textures\container2.jpg">
      <Filter>Texture Files</Filter>
    </Image>
    <Image Include="textures\marble.jpg">
      <Filter>Texture Files</Filter>
    </Image>
    <Image Include="textures\metal.png">
      <Filter>Texture Files</Filter>
    </Image>
  </ItemGroup>
  <ItemGroup>
    <ClInclude Include="includes\highlevel\Button.h">
      <Filter>Header Files</Filter>
    </ClInclude>
    <ClInclude Include="includes\highlevel\ClickEventCanceller.h">
      <Filter>Header Files</Filter>
    </ClInclude>
    <ClInclude Include="includes\highlevel\ListObject.h">
      <Filter>Header Files</Filter>
    </ClInclude>
    <ClInclude Include="includes\highlevel\Panel.h">
      <Filter>Header Files</Filter>
    </ClInclude>
    <ClInclude Include="includes\lowlevel\SHADER.h">
      <Filter>Header Files</Filter>
    </ClInclude>
    <ClInclude Include="includes\lowlevel\TEXT.h">
      <Filter>Header Files</Filter>
    </ClInclude>
    <ClInclude Include="includes\lowlevel\TEXTURE.h">
      <Filter>Header Files</Filter>
    </ClInclude>
    <ClInclude Include="includes\lowlevel\VAO.h">
      <Filter>Header Files</Filter>
    </ClInclude>
    <ClInclude Include="includes\lowlevel\WINDOW.h">
      <Filter>Header Files</Filter>
    </ClInclude>
  </ItemGroup>
</Project>