<?xml version="1.0" encoding="utf-8"?>
<Project ToolsVersion="4.0" xmlns="http://schemas.microsoft.com/developer/msbuild/2003">
  <ItemGroup>
    <Filter Include="Resources">
      <UniqueIdentifier>{3583a76e-a96f-47bf-a01d-78a6afb6948c}</UniqueIdentifier>
    </Filter>
    <Filter Include="Resources\Vertex Files">
      <UniqueIdentifier>{df5b0fda-c5fa-473f-a261-53f6ce09943a}</UniqueIdentifier>
    </Filter>
    <Filter Include="Resources\Texture Files">
      <UniqueIdentifier>{86dc69a8-a892-4822-a386-6942a9c15d2d}</UniqueIdentifier>
    </Filter>
    <Filter Include="Resources\Shader Files">
      <UniqueIdentifier>{8f29b767-e9c2-4735-aef2-1e8723079a7d}</UniqueIdentifier>
    </Filter>
    <Filter Include="Source">
      <UniqueIdentifier>{b0b7e481-8585-4832-98fa-b49ff0bc25ac}</UniqueIdentifier>
    </Filter>
    <Filter Include="Source\highlevel">
      <UniqueIdentifier>{f035d497-9273-429d-b5e4-60bc14bbe790}</UniqueIdentifier>
    </Filter>
    <Filter Include="Source\lowlevel">
      <UniqueIdentifier>{1c1fd811-664c-4ce2-a7d4-febe3c7bc8b8}</UniqueIdentifier>
    </Filter>
    <Filter Include="Source\highlevel\Buttons">
      <UniqueIdentifier>{d3416074-4a41-4dee-9f5b-c5c9ca96b262}</UniqueIdentifier>
    </Filter>
    <Filter Include="Source\highlevel\Buttons\ListButton">
      <UniqueIdentifier>{a63e3abb-667a-44f2-a797-a483ec8ad712}</UniqueIdentifier>
    </Filter>
    <Filter Include="Source\highlevel\ClickEventCanceller">
      <UniqueIdentifier>{2c4b668b-2db7-420c-8aa6-23aec4456610}</UniqueIdentifier>
    </Filter>
    <Filter Include="Source\highlevel\Downloader">
      <UniqueIdentifier>{c8381cec-e78e-4670-9098-0203df9e9015}</UniqueIdentifier>
    </Filter>
    <Filter Include="Source\highlevel\ListObject">
      <UniqueIdentifier>{aa7f65eb-d7ea-4fc0-a1ab-fdcfac2be73c}</UniqueIdentifier>
    </Filter>
    <Filter Include="Source\highlevel\LoadAudio">
      <UniqueIdentifier>{1801c637-6da4-457e-8f7b-32a40d2b68ea}</UniqueIdentifier>
    </Filter>
    <Filter Include="Source\highlevel\Panel">
      <UniqueIdentifier>{3b497453-4495-4704-b015-5eb4f90f88f2}</UniqueIdentifier>
    </Filter>
    <Filter Include="Source\highlevel\Buttons\Pause">
      <UniqueIdentifier>{732392b2-66cb-4e2b-b315-966c9c9e110e}</UniqueIdentifier>
    </Filter>
    <Filter Include="Source\highlevel\PlayList">
      <UniqueIdentifier>{8da67d3d-0c08-4b40-9990-f3d3fd52185b}</UniqueIdentifier>
    </Filter>
    <Filter Include="Source\highlevel\TextField">
      <UniqueIdentifier>{a22ebf05-e86d-471f-afbf-ca77cc61881e}</UniqueIdentifier>
    </Filter>
    <Filter Include="Source\highlevel\Sliders">
      <UniqueIdentifier>{5952dfeb-06b9-43b5-bdea-8382872910b2}</UniqueIdentifier>
    </Filter>
    <Filter Include="Source\highlevel\Sliders\VerticalSlider">
      <UniqueIdentifier>{0e9a97c1-2050-4013-a7ed-7b0ce87451ab}</UniqueIdentifier>
    </Filter>
    <Filter Include="Source\highlevel\Sliders\VolSlider">
      <UniqueIdentifier>{ec0ada6a-12f2-4279-b1ce-06f86f5e9854}</UniqueIdentifier>
    </Filter>
    <Filter Include="Source\lowlevel\SHADER">
      <UniqueIdentifier>{878bcc88-3163-47d1-aa6e-1c09f25d2b5c}</UniqueIdentifier>
    </Filter>
    <Filter Include="Source\lowlevel\TEXT">
      <UniqueIdentifier>{1e97b754-6833-4f7b-9715-81b56ff483cf}</UniqueIdentifier>
    </Filter>
    <Filter Include="Source\lowlevel\TEXTURE">
      <UniqueIdentifier>{8d2a23e1-ae15-449e-ba64-ee3dd5798d4a}</UniqueIdentifier>
    </Filter>
    <Filter Include="Source\lowlevel\VAO">
      <UniqueIdentifier>{e71b967e-5431-47b2-97ee-5892330ae253}</UniqueIdentifier>
    </Filter>
    <Filter Include="Source\lowlevel\WINDOW">
      <UniqueIdentifier>{c222d393-9095-4845-818e-78e6f640a357}</UniqueIdentifier>
    </Filter>
    <Filter Include="Source\highlevel\Checkbox">
      <UniqueIdentifier>{2efec0f8-9531-4737-a84a-88f3410805b2}</UniqueIdentifier>
    </Filter>
  </ItemGroup>
  <ItemGroup>
    <ClCompile Include="MAIN.cpp" />
    <ClCompile Include="includes\glad.c" />
    <ClCompile Include="src\highlevel\Button.cpp">
      <Filter>Source\highlevel\Buttons</Filter>
    </ClCompile>
    <ClCompile Include="src\highlevel\ListButton.cpp">
      <Filter>Source\highlevel\Buttons\ListButton</Filter>
    </ClCompile>
    <ClCompile Include="src\highlevel\ClickEventCanceller.cpp">
      <Filter>Source\highlevel\ClickEventCanceller</Filter>
    </ClCompile>
    <ClCompile Include="src\highlevel\Downloader.cpp">
      <Filter>Source\highlevel\Downloader</Filter>
    </ClCompile>
    <ClCompile Include="src\highlevel\ListObject.cpp">
      <Filter>Source\highlevel\ListObject</Filter>
    </ClCompile>
    <ClCompile Include="src\highlevel\LoadAudio.cpp">
      <Filter>Source\highlevel\LoadAudio</Filter>
    </ClCompile>
    <ClCompile Include="src\highlevel\Panel.cpp">
      <Filter>Source\highlevel\Panel</Filter>
    </ClCompile>
    <ClCompile Include="src\highlevel\Pause.cpp">
      <Filter>Source\highlevel\Buttons\Pause</Filter>
    </ClCompile>
    <ClCompile Include="src\highlevel\PlayList.cpp">
      <Filter>Source\highlevel\PlayList</Filter>
    </ClCompile>
    <ClCompile Include="src\highlevel\Slider.cpp">
      <Filter>Source\highlevel\Sliders</Filter>
    </ClCompile>
    <ClCompile Include="src\highlevel\TextField.cpp">
      <Filter>Source\highlevel\TextField</Filter>
    </ClCompile>
    <ClCompile Include="src\highlevel\VerticalSlider.cpp">
      <Filter>Source\highlevel\Sliders\VerticalSlider</Filter>
    </ClCompile>
    <ClCompile Include="src\highlevel\VolSlider.cpp">
      <Filter>Source\highlevel\Sliders\VolSlider</Filter>
    </ClCompile>
    <ClCompile Include="src\lowlevel\SHADER.cpp">
      <Filter>Source\lowlevel\SHADER</Filter>
    </ClCompile>
    <ClCompile Include="src\lowlevel\TEXT.cpp">
      <Filter>Source\lowlevel\TEXT</Filter>
    </ClCompile>
    <ClCompile Include="src\lowlevel\TEXTURE.cpp">
      <Filter>Source\lowlevel\TEXTURE</Filter>
    </ClCompile>
    <ClCompile Include="src\lowlevel\VAO.cpp">
      <Filter>Source\lowlevel\VAO</Filter>
    </ClCompile>
    <ClCompile Include="src\lowlevel\WINDOW.cpp">
      <Filter>Source\lowlevel\WINDOW</Filter>
    </ClCompile>
    <ClCompile Include="src\highlevel\Checkbox.cpp">
      <Filter>Source\highlevel\Checkbox</Filter>
    </ClCompile>
  </ItemGroup>
  <ItemGroup>
    <None Include="Resources\shaders\color_frag.glsl">
      <Filter>Resources\Shader Files</Filter>
    </None>
    <None Include="Resources\shaders\color_vertex.glsl">
      <Filter>Resources\Shader Files</Filter>
    </None>
    <None Include="Resources\shaders\darken_color_frag.glsl">
      <Filter>Resources\Shader Files</Filter>
    </None>
    <None Include="Resources\shaders\darken_color_vertex.glsl">
      <Filter>Resources\Shader Files</Filter>
    </None>
    <None Include="Resources\shaders\discard_white_frag.glsl">
      <Filter>Resources\Shader Files</Filter>
    </None>
    <None Include="Resources\shaders\discard_white_vertex.glsl">
      <Filter>Resources\Shader Files</Filter>
    </None>
    <None Include="Resources\shaders\slider_frag.glsl">
      <Filter>Resources\Shader Files</Filter>
    </None>
    <None Include="Resources\shaders\slider_vertex.glsl">
      <Filter>Resources\Shader Files</Filter>
    </None>
    <None Include="Resources\shaders\text_frag.glsl">
      <Filter>Resources\Shader Files</Filter>
    </None>
    <None Include="Resources\shaders\text_vertex.glsl">
      <Filter>Resources\Shader Files</Filter>
    </None>
    <None Include="Resources\shaders\texture_frag.glsl">
      <Filter>Resources\Shader Files</Filter>
    </None>
    <None Include="Resources\shaders\texture_vertex.glsl">
      <Filter>Resources\Shader Files</Filter>
    </None>
    <None Include="Resources\vertices\square.buf">
      <Filter>Resources\Vertex Files</Filter>
    </None>
    <None Include="Resources\vertices\square_extra_high.buf">
      <Filter>Resources\Vertex Files</Filter>
    </None>
    <None Include="Resources\vertices\square_extra_wide.buf">
      <Filter>Resources\Vertex Files</Filter>
    </None>
    <None Include="Resources\vertices\square_extra_wide_lower.buf">
      <Filter>Resources\Vertex Files</Filter>
    </None>
    <None Include="Resources\vertices\square_higher_slider.buf">
      <Filter>Resources\Vertex Files</Filter>
    </None>
    <None Include="Resources\vertices\square_higher_wider.buf">
      <Filter>Resources\Vertex Files</Filter>
    </None>
    <None Include="Resources\vertices\square_little_higher_menu.buf">
      <Filter>Resources\Vertex Files</Filter>
    </None>
    <None Include="Resources\vertices\square_super_wide.buf">
      <Filter>Resources\Vertex Files</Filter>
    </None>
    <None Include="Resources\vertices\square_textfield.buf">
      <Filter>Resources\Vertex Files</Filter>
    </None>
    <None Include="Resources\vertices\square_wider.buf">
      <Filter>Resources\Vertex Files</Filter>
    </None>
    <None Include="Resources\vertices\square_wider_list.buf">
      <Filter>Resources\Vertex Files</Filter>
    </None>
    <None Include="Resources\vertices\square_wider_logo.buf">
      <Filter>Resources\Vertex Files</Filter>
    </None>
    <None Include="Resources\vertices\square_wider_menu.buf">
      <Filter>Resources\Vertex Files</Filter>
    </None>
    <None Include="Resources\vertices\triangle.buf">
      <Filter>Resources\Vertex Files</Filter>
    </None>
  </ItemGroup>
  <ItemGroup>
    <Image Include="Resources\textures\background_gray.png">
      <Filter>Resources\Texture Files</Filter>
    </Image>
    <Image Include="Resources\textures\background-gray.png">
      <Filter>Resources\Texture Files</Filter>
    </Image>
    <Image Include="Resources\textures\black.png">
      <Filter>Resources\Texture Files</Filter>
    </Image>
    <Image Include="Resources\textures\blacker_gray.png">
      <Filter>Resources\Texture Files</Filter>
    </Image>
    <Image Include="Resources\textures\bricks2.jpg">
      <Filter>Resources\Texture Files</Filter>
    </Image>
    <Image Include="Resources\textures\brickwall.jpg">
      <Filter>Resources\Texture Files</Filter>
    </Image>
    <Image Include="Resources\textures\button.jpg">
      <Filter>Resources\Texture Files</Filter>
    </Image>
    <Image Include="Resources\textures\container.jpg">
      <Filter>Resources\Texture Files</Filter>
    </Image>
    <Image Include="Resources\textures\container2.jpg">
      <Filter>Resources\Texture Files</Filter>
    </Image>
    <Image Include="Resources\textures\dot.png">
      <Filter>Resources\Texture Files</Filter>
    </Image>
    <Image Include="Resources\textures\download.png">
      <Filter>Resources\Texture Files</Filter>
    </Image>
    <Image Include="Resources\textures\gray.png">
      <Filter>Resources\Texture Files</Filter>
    </Image>
    <Image Include="Resources\textures\icon.png">
      <Filter>Resources\Texture Files</Filter>
    </Image>
    <Image Include="Resources\textures\images.png">
      <Filter>Resources\Texture Files</Filter>
    </Image>
    <Image Include="Resources\textures\itemm.png">
      <Filter>Resources\Texture Files</Filter>
    </Image>
    <Image Include="Resources\textures\listItem.png">
      <Filter>Resources\Texture Files</Filter>
    </Image>
    <Image Include="Resources\textures\loop.png">
      <Filter>Resources\Texture Files</Filter>
    </Image>
    <Image Include="Resources\textures\marble.jpg">
      <Filter>Resources\Texture Files</Filter>
    </Image>
    <Image Include="Resources\textures\menu.jpg">
      <Filter>Resources\Texture Files</Filter>
    </Image>
    <Image Include="Resources\textures\metal.png">
      <Filter>Resources\Texture Files</Filter>
    </Image>
    <Image Include="Resources\textures\opengl_logo.png">
      <Filter>Resources\Texture Files</Filter>
    </Image>
    <Image Include="Resources\textures\pause.png">
      <Filter>Resources\Texture Files</Filter>
    </Image>
    <Image Include="Resources\textures\play.png">
      <Filter>Resources\Texture Files</Filter>
    </Image>
    <Image Include="Resources\textures\random.png">
      <Filter>Resources\Texture Files</Filter>
    </Image>
    <Image Include="Resources\textures\search_bar.png">
      <Filter>Resources\Texture Files</Filter>
    </Image>
    <Image Include="Resources\textures\skback.png">
      <Filter>Resources\Texture Files</Filter>
    </Image>
    <Image Include="Resources\textures\skforwar.png">
      <Filter>Resources\Texture Files</Filter>
    </Image>
    <Image Include="Resources\textures\Spotify-GL-bannerC.png">
      <Filter>Resources\Texture Files</Filter>
    </Image>
    <Image Include="Resources\textures\VIOLET.jpg">
      <Filter>Resources\Texture Files</Filter>
    </Image>
    <Image Include="Resources\textures\vol.png">
      <Filter>Resources\Texture Files</Filter>
    </Image>
  </ItemGroup>
  <ItemGroup>
    <ClInclude Include="src\highlevel\Button.h">
      <Filter>Source\highlevel\Buttons</Filter>
    </ClInclude>
    <ClInclude Include="src\highlevel\ListButton.h">
      <Filter>Source\highlevel\Buttons\ListButton</Filter>
    </ClInclude>
    <ClInclude Include="src\highlevel\ClickEventCanceller.h">
      <Filter>Source\highlevel\ClickEventCanceller</Filter>
    </ClInclude>
    <ClInclude Include="src\highlevel\Downloader.h">
      <Filter>Source\highlevel\Downloader</Filter>
    </ClInclude>
    <ClInclude Include="src\highlevel\ListObject.h">
      <Filter>Source\highlevel\ListObject</Filter>
    </ClInclude>
    <ClInclude Include="src\highlevel\LoadAudio.h">
      <Filter>Source\highlevel\LoadAudio</Filter>
    </ClInclude>
    <ClInclude Include="src\highlevel\Panel.h">
      <Filter>Source\highlevel\Panel</Filter>
    </ClInclude>
    <ClInclude Include="src\highlevel\Pause.h">
      <Filter>Source\highlevel\Buttons\Pause</Filter>
    </ClInclude>
    <ClInclude Include="src\highlevel\PlayList.h">
      <Filter>Source\highlevel\PlayList</Filter>
    </ClInclude>
    <ClInclude Include="src\highlevel\Slider.h">
      <Filter>Source\highlevel\Sliders</Filter>
    </ClInclude>
    <ClInclude Include="src\highlevel\TextField.h">
      <Filter>Source\highlevel\TextField</Filter>
    </ClInclude>
    <ClInclude Include="src\highlevel\VerticalSlider.h">
      <Filter>Source\highlevel\Sliders\VerticalSlider</Filter>
    </ClInclude>
    <ClInclude Include="src\highlevel\VolSlider.h">
      <Filter>Source\highlevel\Sliders\VolSlider</Filter>
    </ClInclude>
    <ClInclude Include="src\lowlevel\SHADER.h">
      <Filter>Source\lowlevel\SHADER</Filter>
    </ClInclude>
    <ClInclude Include="src\lowlevel\TEXT.h">
      <Filter>Source\lowlevel\TEXT</Filter>
    </ClInclude>
    <ClInclude Include="src\lowlevel\TEXTURE.h">
      <Filter>Source\lowlevel\TEXTURE</Filter>
    </ClInclude>
    <ClInclude Include="src\lowlevel\VAO.h">
      <Filter>Source\lowlevel\VAO</Filter>
    </ClInclude>
    <ClInclude Include="src\lowlevel\WINDOW.h">
      <Filter>Source\lowlevel\WINDOW</Filter>
    </ClInclude>
    <ClInclude Include="src\lowlevel\UTILITY.h" />
    <ClInclude Include="src\highlevel\Checkbox.h">
      <Filter>Source\highlevel\Checkbox</Filter>
    </ClInclude>
  </ItemGroup>
</Project>