<?xml version="1.0" encoding="utf-8"?>
<Project ToolsVersion="4.0" xmlns="http://schemas.microsoft.com/developer/msbuild/2003">
  <ItemGroup>
    <Filter Include="Source Files">
      <UniqueIdentifier>{4FC737F1-C7A5-4376-A066-2A32D752A2FF}</UniqueIdentifier>
      <Extensions>cpp;c;cc;cxx;c++;cppm;ixx;def;odl;idl;hpj;bat;asm;asmx</Extensions>
    </Filter>
    <Filter Include="Header Files">
      <UniqueIdentifier>{93995380-89BD-4b04-88EB-625FBE52EBFB}</UniqueIdentifier>
      <Extensions>h;hh;hpp;hxx;h++;hm;inl;inc;ipp;xsd</Extensions>
    </Filter>
    <Filter Include="Shader Files">
      <UniqueIdentifier>{e68bb7f8-b40f-48a0-a6de-b134a953d309}</UniqueIdentifier>
    </Filter>
  </ItemGroup>
  <ItemGroup>
    <ClCompile Include="MAIN.cpp">
      <Filter>Source Files</Filter>
    </ClCompile>
    <ClCompile Include="includes\glad.c">
      <Filter>Source Files</Filter>
    </ClCompile>
    <ClCompile Include="includes\highlevel\Button.cpp">
      <Filter>Source Files</Filter>
    </ClCompile>
    <ClCompile Include="includes\highlevel\ClickEventCanceller.cpp">
      <Filter>Source Files</Filter>
    </ClCompile>
    <ClCompile Include="includes\highlevel\ListObject.cpp">
      <Filter>Source Files</Filter>
    </ClCompile>
    <ClCompile Include="includes\highlevel\Panel.cpp">
      <Filter>Source Files</Filter>
    </ClCompile>
    <ClCompile Include="includes\lowlevel\SHADER.cpp">
      <Filter>Source Files</Filter>
    </ClCompile>
    <ClCompile Include="includes\lowlevel\TEXT.cpp">
      <Filter>Source Files</Filter>
    </ClCompile>
    <ClCompile Include="includes\lowlevel\TEXTURE.cpp">
      <Filter>Source Files</Filter>
    </ClCompile>
    <ClCompile Include="includes\lowlevel\VAO.cpp">
      <Filter>Source Files</Filter>
    </ClCompile>
    <ClCompile Include="includes\lowlevel\WINDOW.cpp">
      <Filter>Source Files</Filter>
    </ClCompile>
  </ItemGroup>
  <ItemGroup>
    <ClInclude Include="includes\highlevel\Button.h">
      <Filter>Header Files</Filter>
    </ClInclude>
    <ClInclude Include="includes\highlevel\ClickEventCanceller.h">
      <Filter>Header Files</Filter>
    </ClInclude>
    <ClInclude Include="includes\highlevel\ListObject.h">
      <Filter>Header Files</Filter>
    </ClInclude>
    <ClInclude Include="includes\highlevel\Panel.h">
      <Filter>Header Files</Filter>
    </ClInclude>
    <ClInclude Include="includes\lowlevel\SHADER.h">
      <Filter>Header Files</Filter>
    </ClInclude>
    <ClInclude Include="includes\lowlevel\TEXT.h">
      <Filter>Header Files</Filter>
    </ClInclude>
    <ClInclude Include="includes\lowlevel\TEXTURE.h">
      <Filter>Header Files</Filter>
    </ClInclude>
    <ClInclude Include="includes\lowlevel\VAO.h">
      <Filter>Header Files</Filter>
    </ClInclude>
    <ClInclude Include="includes\lowlevel\WINDOW.h">
      <Filter>Header Files</Filter>
    </ClInclude>
  </ItemGroup>
  <ItemGroup>
    <None Include="shaders\color_frag.glsl">
      <Filter>Shader Files</Filter>
    </None>
    <None Include="shaders\color_vertex.glsl">
      <Filter>Shader Files</Filter>
    </None>
    <None Include="shaders\darken_color_frag.glsl">
      <Filter>Shader Files</Filter>
    </None>
    <None Include="shaders\darken_color_vertex.glsl">
      <Filter>Shader Files</Filter>
    </None>
    <None Include="shaders\text_frag.glsl">
      <Filter>Shader Files</Filter>
    </None>
    <None Include="shaders\text_vertex.glsl">
      <Filter>Shader Files</Filter>
    </None>
    <None Include="shaders\texture_frag.glsl">
      <Filter>Shader Files</Filter>
    </None>
    <None Include="shaders\texture_vertex.glsl">
      <Filter>Shader Files</Filter>
    </None>
  </ItemGroup>
</Project>